
Microsoft Visual Studio Solution File, Format Version 12.00
# Visual Studio Version 17
VisualStudioVersion = 17.0.31903.59
MinimumVisualStudioVersion = 10.0.40219.1
Project("{FAE04EC0-301F-11D3-BF4B-00C04F79EFBC}") = "McpServer.Core", "McpServer.Core\McpServer.Core.csproj", "{26D8E47C-90C7-4444-BCE2-FD5DE721CFDE}"
EndProject
Project("{FAE04EC0-301F-11D3-BF4B-00C04F79EFBC}") = "McpServer.Infrastructure", "McpServer.Infrastructure\McpServer.Infrastructure.csproj", "{9AB5FB2A-1DDE-4B56-9466-2801F0F1301B}"
EndProject
Project("{FAE04EC0-301F-11D3-BF4B-00C04F79EFBC}") = "McpServer.Application", "McpServer.Application\McpServer.Application.csproj", "{89AF40A0-E0F6-45AB-9608-DDD6551CD105}"
EndProject
Project("{FAE04EC0-301F-11D3-BF4B-00C04F79EFBC}") = "McpServer.Api", "McpServer.Api\McpServer.Api.csproj", "{E4670429-6E67-4716-B3A2-C6D755E06259}"
EndProject
Project("{FAE04EC0-301F-11D3-BF4B-00C04F79EFBC}") = "McpServer.Client", "McpServer.Client\McpServer.Client.csproj", "{CFA0BEF3-B78D-42C7-8C97-F36A85366632}"
EndProject
Project("{2150E333-8FDC-42A3-9474-1A3956D46DE8}") = "src", "src", "{827E0CD3-B72D-47B6-A68D-7590B98EB39B}"
EndProject
Project("{2150E333-8FDC-42A3-9474-1A3956D46DE8}") = "tests", "tests", "{CEA09484-30F6-4D44-02F6-822E06DBC57C}"
EndProject
Project("{FAE04EC0-301F-11D3-BF4B-00C04F79EFBC}") = "McpServer.Core.Tests", "src\tests\McpServer.Core.Tests\McpServer.Core.Tests.csproj", "{B66FD8F5-AC90-4723-A584-738588CA6037}"
EndProject
Project("{FAE04EC0-301F-11D3-BF4B-00C04F79EFBC}") = "McpServer.Application.Tests", "src\tests\McpServer.Application.Tests\McpServer.Application.Tests.csproj", "{99F26DD0-778D-4F87-B2EC-97BA38365D03}"
EndProject
Global
	GlobalSection(SolutionConfigurationPlatforms) = preSolution
		Debug|Any CPU = Debug|Any CPU
		Debug|x64 = Debug|x64
		Debug|x86 = Debug|x86
		Release|Any CPU = Release|Any CPU
		Release|x64 = Release|x64
		Release|x86 = Release|x86
	EndGlobalSection
	GlobalSection(ProjectConfigurationPlatforms) = postSolution
		{26D8E47C-90C7-4444-BCE2-FD5DE721CFDE}.Debug|Any CPU.ActiveCfg = Debug|Any CPU
		{26D8E47C-90C7-4444-BCE2-FD5DE721CFDE}.Debug|Any CPU.Build.0 = Debug|Any CPU
		{26D8E47C-90C7-4444-BCE2-FD5DE721CFDE}.Debug|x64.ActiveCfg = Debug|Any CPU
		{26D8E47C-90C7-4444-BCE2-FD5DE721CFDE}.Debug|x64.Build.0 = Debug|Any CPU
		{26D8E47C-90C7-4444-BCE2-FD5DE721CFDE}.Debug|x86.ActiveCfg = Debug|Any CPU
		{26D8E47C-90C7-4444-BCE2-FD5DE721CFDE}.Debug|x86.Build.0 = Debug|Any CPU
		{26D8E47C-90C7-4444-BCE2-FD5DE721CFDE}.Release|Any CPU.ActiveCfg = Release|Any CPU
		{26D8E47C-90C7-4444-BCE2-FD5DE721CFDE}.Release|Any CPU.Build.0 = Release|Any CPU
		{26D8E47C-90C7-4444-BCE2-FD5DE721CFDE}.Release|x64.ActiveCfg = Release|Any CPU
		{26D8E47C-90C7-4444-BCE2-FD5DE721CFDE}.Release|x64.Build.0 = Release|Any CPU
		{26D8E47C-90C7-4444-BCE2-FD5DE721CFDE}.Release|x86.ActiveCfg = Release|Any CPU
		{26D8E47C-90C7-4444-BCE2-FD5DE721CFDE}.Release|x86.Build.0 = Release|Any CPU
		{9AB5FB2A-1DDE-4B56-9466-2801F0F1301B}.Debug|Any CPU.ActiveCfg = Debug|Any CPU
		{9AB5FB2A-1DDE-4B56-9466-2801F0F1301B}.Debug|Any CPU.Build.0 = Debug|Any CPU
		{9AB5FB2A-1DDE-4B56-9466-2801F0F1301B}.Debug|x64.ActiveCfg = Debug|Any CPU
		{9AB5FB2A-1DDE-4B56-9466-2801F0F1301B}.Debug|x64.Build.0 = Debug|Any CPU
		{9AB5FB2A-1DDE-4B56-9466-2801F0F1301B}.Debug|x86.ActiveCfg = Debug|Any CPU
		{9AB5FB2A-1DDE-4B56-9466-2801F0F1301B}.Debug|x86.Build.0 = Debug|Any CPU
		{9AB5FB2A-1DDE-4B56-9466-2801F0F1301B}.Release|Any CPU.ActiveCfg = Release|Any CPU
		{9AB5FB2A-1DDE-4B56-9466-2801F0F1301B}.Release|Any CPU.Build.0 = Release|Any CPU
		{9AB5FB2A-1DDE-4B56-9466-2801F0F1301B}.Release|x64.ActiveCfg = Release|Any CPU
		{9AB5FB2A-1DDE-4B56-9466-2801F0F1301B}.Release|x64.Build.0 = Release|Any CPU
		{9AB5FB2A-1DDE-4B56-9466-2801F0F1301B}.Release|x86.ActiveCfg = Release|Any CPU
		{9AB5FB2A-1DDE-4B56-9466-2801F0F1301B}.Release|x86.Build.0 = Release|Any CPU
		{89AF40A0-E0F6-45AB-9608-DDD6551CD105}.Debug|Any CPU.ActiveCfg = Debug|Any CPU
		{89AF40A0-E0F6-45AB-9608-DDD6551CD105}.Debug|Any CPU.Build.0 = Debug|Any CPU
		{89AF40A0-E0F6-45AB-9608-DDD6551CD105}.Debug|x64.ActiveCfg = Debug|Any CPU
		{89AF40A0-E0F6-45AB-9608-DDD6551CD105}.Debug|x64.Build.0 = Debug|Any CPU
		{89AF40A0-E0F6-45AB-9608-DDD6551CD105}.Debug|x86.ActiveCfg = Debug|Any CPU
		{89AF40A0-E0F6-45AB-9608-DDD6551CD105}.Debug|x86.Build.0 = Debug|Any CPU
		{89AF40A0-E0F6-45AB-9608-DDD6551CD105}.Release|Any CPU.ActiveCfg = Release|Any CPU
		{89AF40A0-E0F6-45AB-9608-DDD6551CD105}.Release|Any CPU.Build.0 = Release|Any CPU
		{89AF40A0-E0F6-45AB-9608-DDD6551CD105}.Release|x64.ActiveCfg = Release|Any CPU
		{89AF40A0-E0F6-45AB-9608-DDD6551CD105}.Release|x64.Build.0 = Release|Any CPU
		{89AF40A0-E0F6-45AB-9608-DDD6551CD105}.Release|x86.ActiveCfg = Release|Any CPU
		{89AF40A0-E0F6-45AB-9608-DDD6551CD105}.Release|x86.Build.0 = Release|Any CPU
		{E4670429-6E67-4716-B3A2-C6D755E06259}.Debug|Any CPU.ActiveCfg = Debug|Any CPU
		{E4670429-6E67-4716-B3A2-C6D755E06259}.Debug|Any CPU.Build.0 = Debug|Any CPU
		{E4670429-6E67-4716-B3A2-C6D755E06259}.Debug|x64.ActiveCfg = Debug|Any CPU
		{E4670429-6E67-4716-B3A2-C6D755E06259}.Debug|x64.Build.0 = Debug|Any CPU
		{E4670429-6E67-4716-B3A2-C6D755E06259}.Debug|x86.ActiveCfg = Debug|Any CPU
		{E4670429-6E67-4716-B3A2-C6D755E06259}.Debug|x86.Build.0 = Debug|Any CPU
		{E4670429-6E67-4716-B3A2-C6D755E06259}.Release|Any CPU.ActiveCfg = Release|Any CPU
		{E4670429-6E67-4716-B3A2-C6D755E06259}.Release|Any CPU.Build.0 = Release|Any CPU
		{E4670429-6E67-4716-B3A2-C6D755E06259}.Release|x64.ActiveCfg = Release|Any CPU
		{E4670429-6E67-4716-B3A2-C6D755E06259}.Release|x64.Build.0 = Release|Any CPU
		{E4670429-6E67-4716-B3A2-C6D755E06259}.Release|x86.ActiveCfg = Release|Any CPU
		{E4670429-6E67-4716-B3A2-C6D755E06259}.Release|x86.Build.0 = Release|Any CPU
		{CFA0BEF3-B78D-42C7-8C97-F36A85366632}.Debug|Any CPU.ActiveCfg = Debug|Any CPU
		{CFA0BEF3-B78D-42C7-8C97-F36A85366632}.Debug|Any CPU.Build.0 = Debug|Any CPU
		{CFA0BEF3-B78D-42C7-8C97-F36A85366632}.Debug|x64.ActiveCfg = Debug|Any CPU
		{CFA0BEF3-B78D-42C7-8C97-F36A85366632}.Debug|x64.Build.0 = Debug|Any CPU
		{CFA0BEF3-B78D-42C7-8C97-F36A85366632}.Debug|x86.ActiveCfg = Debug|Any CPU
		{CFA0BEF3-B78D-42C7-8C97-F36A85366632}.Debug|x86.Build.0 = Debug|Any CPU
		{CFA0BEF3-B78D-42C7-8C97-F36A85366632}.Release|Any CPU.ActiveCfg = Release|Any CPU
		{CFA0BEF3-B78D-42C7-8C97-F36A85366632}.Release|Any CPU.Build.0 = Release|Any CPU
		{CFA0BEF3-B78D-42C7-8C97-F36A85366632}.Release|x64.ActiveCfg = Release|Any CPU
		{CFA0BEF3-B78D-42C7-8C97-F36A85366632}.Release|x64.Build.0 = Release|Any CPU
		{CFA0BEF3-B78D-42C7-8C97-F36A85366632}.Release|x86.ActiveCfg = Release|Any CPU
		{CFA0BEF3-B78D-42C7-8C97-F36A85366632}.Release|x86.Build.0 = Release|Any CPU
		{B66FD8F5-AC90-4723-A584-738588CA6037}.Debug|Any CPU.ActiveCfg = Debug|Any CPU
		{B66FD8F5-AC90-4723-A584-738588CA6037}.Debug|Any CPU.Build.0 = Debug|Any CPU
		{B66FD8F5-AC90-4723-A584-738588CA6037}.Debug|x64.ActiveCfg = Debug|Any CPU
		{B66FD8F5-AC90-4723-A584-738588CA6037}.Debug|x64.Build.0 = Debug|Any CPU
		{B66FD8F5-AC90-4723-A584-738588CA6037}.Debug|x86.ActiveCfg = Debug|Any CPU
		{B66FD8F5-AC90-4723-A584-738588CA6037}.Debug|x86.Build.0 = Debug|Any CPU
		{B66FD8F5-AC90-4723-A584-738588CA6037}.Release|Any CPU.ActiveCfg = Release|Any CPU
		{B66FD8F5-AC90-4723-A584-738588CA6037}.Release|Any CPU.Build.0 = Release|Any CPU
		{B66FD8F5-AC90-4723-A584-738588CA6037}.Release|x64.ActiveCfg = Release|Any CPU
		{B66FD8F5-AC90-4723-A584-738588CA6037}.Release|x64.Build.0 = Release|Any CPU
		{B66FD8F5-AC90-4723-A584-738588CA6037}.Release|x86.ActiveCfg = Release|Any CPU
		{B66FD8F5-AC90-4723-A584-738588CA6037}.Release|x86.Build.0 = Release|Any CPU
		{99F26DD0-778D-4F87-B2EC-97BA38365D03}.Debug|Any CPU.ActiveCfg = Debug|Any CPU
		{99F26DD0-778D-4F87-B2EC-97BA38365D03}.Debug|Any CPU.Build.0 = Debug|Any CPU
		{99F26DD0-778D-4F87-B2EC-97BA38365D03}.Debug|x64.ActiveCfg = Debug|Any CPU
		{99F26DD0-778D-4F87-B2EC-97BA38365D03}.Debug|x64.Build.0 = Debug|Any CPU
		{99F26DD0-778D-4F87-B2EC-97BA38365D03}.Debug|x86.ActiveCfg = Debug|Any CPU
		{99F26DD0-778D-4F87-B2EC-97BA38365D03}.Debug|x86.Build.0 = Debug|Any CPU
		{99F26DD0-778D-4F87-B2EC-97BA38365D03}.Release|Any CPU.ActiveCfg = Release|Any CPU
		{99F26DD0-778D-4F87-B2EC-97BA38365D03}.Release|Any CPU.Build.0 = Release|Any CPU
		{99F26DD0-778D-4F87-B2EC-97BA38365D03}.Release|x64.ActiveCfg = Release|Any CPU
		{99F26DD0-778D-4F87-B2EC-97BA38365D03}.Release|x64.Build.0 = Release|Any CPU
		{99F26DD0-778D-4F87-B2EC-97BA38365D03}.Release|x86.ActiveCfg = Release|Any CPU
		{99F26DD0-778D-4F87-B2EC-97BA38365D03}.Release|x86.Build.0 = Release|Any CPU
	EndGlobalSection
	GlobalSection(SolutionProperties) = preSolution
		HideSolutionNode = FALSE
	EndGlobalSection
	GlobalSection(NestedProjects) = preSolution
		{CEA09484-30F6-4D44-02F6-822E06DBC57C} = {827E0CD3-B72D-47B6-A68D-7590B98EB39B}
		{B66FD8F5-AC90-4723-A584-738588CA6037} = {CEA09484-30F6-4D44-02F6-822E06DBC57C}
		{99F26DD0-778D-4F87-B2EC-97BA38365D03} = {CEA09484-30F6-4D44-02F6-822E06DBC57C}
	EndGlobalSection
EndGlobal
